// !$*UTF8*$!
{
	archiveVersion = 1;
	classes = {
	};
	objectVersion = 50;
	objects = {

/* Begin PBXBuildFile section */
		2614949E21BF8ED300E3D599 /* oriframework.framework in Frameworks */ = {isa = PBXBuildFile; fileRef = 2614949421BF8ED200E3D599 /* oriframework.framework */; };
		261494A321BF8ED300E3D599 /* oriframeworkTests.swift in Sources */ = {isa = PBXBuildFile; fileRef = 261494A221BF8ED300E3D599 /* oriframeworkTests.swift */; };
		261494A521BF8ED300E3D599 /* oriframework.h in Headers */ = {isa = PBXBuildFile; fileRef = 2614949721BF8ED200E3D599 /* oriframework.h */; settings = {ATTRIBUTES = (Public, ); }; };
		261494AF21BF8F0B00E3D599 /* service.swift in Sources */ = {isa = PBXBuildFile; fileRef = 261494AE21BF8F0B00E3D599 /* service.swift */; };
/* End PBXBuildFile section */

/* Begin PBXContainerItemProxy section */
		2614949F21BF8ED300E3D599 /* PBXContainerItemProxy */ = {
			isa = PBXContainerItemProxy;
			containerPortal = 2614948B21BF8ED200E3D599 /* Project object */;
			proxyType = 1;
			remoteGlobalIDString = 2614949321BF8ED200E3D599;
			remoteInfo = oriframework;
		};
/* End PBXContainerItemProxy section */

/* Begin PBXFileReference section */
		2614949421BF8ED200E3D599 /* oriframework.framework */ = {isa = PBXFileReference; explicitFileType = wrapper.framework; includeInIndex = 0; path = oriframework.framework; sourceTree = BUILT_PRODUCTS_DIR; };
		2614949721BF8ED200E3D599 /* oriframework.h */ = {isa = PBXFileReference; lastKnownFileType = sourcecode.c.h; path = oriframework.h; sourceTree = "<group>"; };
		2614949821BF8ED200E3D599 /* Info.plist */ = {isa = PBXFileReference; lastKnownFileType = text.plist.xml; path = Info.plist; sourceTree = "<group>"; };
		2614949D21BF8ED300E3D599 /* oriframeworkTests.xctest */ = {isa = PBXFileReference; explicitFileType = wrapper.cfbundle; includeInIndex = 0; path = oriframeworkTests.xctest; sourceTree = BUILT_PRODUCTS_DIR; };
		261494A221BF8ED300E3D599 /* oriframeworkTests.swift */ = {isa = PBXFileReference; lastKnownFileType = sourcecode.swift; path = oriframeworkTests.swift; sourceTree = "<group>"; };
		261494A421BF8ED300E3D599 /* Info.plist */ = {isa = PBXFileReference; lastKnownFileType = text.plist.xml; path = Info.plist; sourceTree = "<group>"; };
		261494AE21BF8F0B00E3D599 /* service.swift */ = {isa = PBXFileReference; lastKnownFileType = sourcecode.swift; path = service.swift; sourceTree = "<group>"; };
/* End PBXFileReference section */

/* Begin PBXFrameworksBuildPhase section */
		2614949121BF8ED200E3D599 /* Frameworks */ = {
			isa = PBXFrameworksBuildPhase;
			buildActionMask = 2147483647;
			files = (
			);
			runOnlyForDeploymentPostprocessing = 0;
		};
		2614949A21BF8ED300E3D599 /* Frameworks */ = {
			isa = PBXFrameworksBuildPhase;
			buildActionMask = 2147483647;
			files = (
				2614949E21BF8ED300E3D599 /* oriframework.framework in Frameworks */,
			);
			runOnlyForDeploymentPostprocessing = 0;
		};
/* End PBXFrameworksBuildPhase section */

/* Begin PBXGroup section */
		2614948A21BF8ED200E3D599 = {
			isa = PBXGroup;
			children = (
				2614949621BF8ED200E3D599 /* oriframework */,
				261494A121BF8ED300E3D599 /* oriframeworkTests */,
				2614949521BF8ED200E3D599 /* Products */,
			);
			sourceTree = "<group>";
		};
		2614949521BF8ED200E3D599 /* Products */ = {
			isa = PBXGroup;
			children = (
				2614949421BF8ED200E3D599 /* oriframework.framework */,
				2614949D21BF8ED300E3D599 /* oriframeworkTests.xctest */,
			);
			name = Products;
			sourceTree = "<group>";
		};
		2614949621BF8ED200E3D599 /* oriframework */ = {
			isa = PBXGroup;
			children = (
				2614949721BF8ED200E3D599 /* oriframework.h */,
				2614949821BF8ED200E3D599 /* Info.plist */,
				261494AE21BF8F0B00E3D599 /* service.swift */,
			);
			path = oriframework;
			sourceTree = "<group>";
		};
		261494A121BF8ED300E3D599 /* oriframeworkTests */ = {
			isa = PBXGroup;
			children = (
				261494A221BF8ED300E3D599 /* oriframeworkTests.swift */,
				261494A421BF8ED300E3D599 /* Info.plist */,
			);
			path = oriframeworkTests;
			sourceTree = "<group>";
		};
/* End PBXGroup section */

/* Begin PBXHeadersBuildPhase section */
		2614948F21BF8ED200E3D599 /* Headers */ = {
			isa = PBXHeadersBuildPhase;
			buildActionMask = 2147483647;
			files = (
				261494A521BF8ED300E3D599 /* oriframework.h in Headers */,
			);
			runOnlyForDeploymentPostprocessing = 0;
		};
/* End PBXHeadersBuildPhase section */

/* Begin PBXNativeTarget section */
		2614949321BF8ED200E3D599 /* oriframework */ = {
			isa = PBXNativeTarget;
			buildConfigurationList = 261494A821BF8ED300E3D599 /* Build configuration list for PBXNativeTarget "oriframework" */;
			buildPhases = (
				2614948F21BF8ED200E3D599 /* Headers */,
				2614949021BF8ED200E3D599 /* Sources */,
				2614949121BF8ED200E3D599 /* Frameworks */,
				2614949221BF8ED200E3D599 /* Resources */,
			);
			buildRules = (
			);
			dependencies = (
			);
			name = oriframework;
			productName = oriframework;
			productReference = 2614949421BF8ED200E3D599 /* oriframework.framework */;
			productType = "com.apple.product-type.framework";
		};
		2614949C21BF8ED300E3D599 /* oriframeworkTests */ = {
			isa = PBXNativeTarget;
			buildConfigurationList = 261494AB21BF8ED300E3D599 /* Build configuration list for PBXNativeTarget "oriframeworkTests" */;
			buildPhases = (
				2614949921BF8ED300E3D599 /* Sources */,
				2614949A21BF8ED300E3D599 /* Frameworks */,
				2614949B21BF8ED300E3D599 /* Resources */,
			);
			buildRules = (
			);
			dependencies = (
				261494A021BF8ED300E3D599 /* PBXTargetDependency */,
			);
			name = oriframeworkTests;
			productName = oriframeworkTests;
			productReference = 2614949D21BF8ED300E3D599 /* oriframeworkTests.xctest */;
			productType = "com.apple.product-type.bundle.unit-test";
		};
/* End PBXNativeTarget section */

/* Begin PBXProject section */
		2614948B21BF8ED200E3D599 /* Project object */ = {
			isa = PBXProject;
			attributes = {
				LastSwiftUpdateCheck = 1010;
				LastUpgradeCheck = 1010;
				ORGANIZATIONNAME = oriserve;
				TargetAttributes = {
					2614949321BF8ED200E3D599 = {
						CreatedOnToolsVersion = 10.1;
						LastSwiftMigration = 1010;
					};
					2614949C21BF8ED300E3D599 = {
						CreatedOnToolsVersion = 10.1;
					};
				};
			};
			buildConfigurationList = 2614948E21BF8ED200E3D599 /* Build configuration list for PBXProject "oriframework" */;
			compatibilityVersion = "Xcode 9.3";
			developmentRegion = en;
			hasScannedForEncodings = 0;
			knownRegions = (
				en,
			);
			mainGroup = 2614948A21BF8ED200E3D599;
			productRefGroup = 2614949521BF8ED200E3D599 /* Products */;
			projectDirPath = "";
			projectRoot = "";
			targets = (
				2614949321BF8ED200E3D599 /* oriframework */,
				2614949C21BF8ED300E3D599 /* oriframeworkTests */,
			);
		};
/* End PBXProject section */

/* Begin PBXResourcesBuildPhase section */
		2614949221BF8ED200E3D599 /* Resources */ = {
			isa = PBXResourcesBuildPhase;
			buildActionMask = 2147483647;
			files = (
			);
			runOnlyForDeploymentPostprocessing = 0;
		};
		2614949B21BF8ED300E3D599 /* Resources */ = {
			isa = PBXResourcesBuildPhase;
			buildActionMask = 2147483647;
			files = (
			);
			runOnlyForDeploymentPostprocessing = 0;
		};
/* End PBXResourcesBuildPhase section */

/* Begin PBXSourcesBuildPhase section */
		2614949021BF8ED200E3D599 /* Sources */ = {
			isa = PBXSourcesBuildPhase;
			buildActionMask = 2147483647;
			files = (
				261494AF21BF8F0B00E3D599 /* service.swift in Sources */,
			);
			runOnlyForDeploymentPostprocessing = 0;
		};
		2614949921BF8ED300E3D599 /* Sources */ = {
			isa = PBXSourcesBuildPhase;
			buildActionMask = 2147483647;
			files = (
				261494A321BF8ED300E3D599 /* oriframeworkTests.swift in Sources */,
			);
			runOnlyForDeploymentPostprocessing = 0;
		};
/* End PBXSourcesBuildPhase section */

/* Begin PBXTargetDependency section */
		261494A021BF8ED300E3D599 /* PBXTargetDependency */ = {
			isa = PBXTargetDependency;
			target = 2614949321BF8ED200E3D599 /* oriframework */;
			targetProxy = 2614949F21BF8ED300E3D599 /* PBXContainerItemProxy */;
		};
/* End PBXTargetDependency section */

/* Begin XCBuildConfiguration section */
		261494A621BF8ED300E3D599 /* Debug */ = {
			isa = XCBuildConfiguration;
			buildSettings = {
				ALWAYS_SEARCH_USER_PATHS = NO;
				CLANG_ANALYZER_NONNULL = YES;
				CLANG_ANALYZER_NUMBER_OBJECT_CONVERSION = YES_AGGRESSIVE;
				CLANG_CXX_LANGUAGE_STANDARD = "gnu++14";
				CLANG_CXX_LIBRARY = "libc++";
				CLANG_ENABLE_MODULES = YES;
				CLANG_ENABLE_OBJC_ARC = YES;
				CLANG_ENABLE_OBJC_WEAK = YES;
				CLANG_WARN_BLOCK_CAPTURE_AUTORELEASING = YES;
				CLANG_WARN_BOOL_CONVERSION = YES;
				CLANG_WARN_COMMA = YES;
				CLANG_WARN_CONSTANT_CONVERSION = YES;
				CLANG_WARN_DEPRECATED_OBJC_IMPLEMENTATIONS = YES;
				CLANG_WARN_DIRECT_OBJC_ISA_USAGE = YES_ERROR;
				CLANG_WARN_DOCUMENTATION_COMMENTS = YES;
				CLANG_WARN_EMPTY_BODY = YES;
				CLANG_WARN_ENUM_CONVERSION = YES;
				CLANG_WARN_INFINITE_RECURSION = YES;
				CLANG_WARN_INT_CONVERSION = YES;
				CLANG_WARN_NON_LITERAL_NULL_CONVERSION = YES;
				CLANG_WARN_OBJC_IMPLICIT_RETAIN_SELF = YES;
				CLANG_WARN_OBJC_LITERAL_CONVERSION = YES;
				CLANG_WARN_OBJC_ROOT_CLASS = YES_ERROR;
				CLANG_WARN_RANGE_LOOP_ANALYSIS = YES;
				CLANG_WARN_STRICT_PROTOTYPES = YES;
				CLANG_WARN_SUSPICIOUS_MOVE = YES;
				CLANG_WARN_UNGUARDED_AVAILABILITY = YES_AGGRESSIVE;
				CLANG_WARN_UNREACHABLE_CODE = YES;
				CLANG_WARN__DUPLICATE_METHOD_MATCH = YES;
				CODE_SIGN_IDENTITY = "iPhone Developer";
				COPY_PHASE_STRIP = NO;
				CURRENT_PROJECT_VERSION = 1;
				DEBUG_INFORMATION_FORMAT = dwarf;
				ENABLE_STRICT_OBJC_MSGSEND = YES;
				ENABLE_TESTABILITY = YES;
				GCC_C_LANGUAGE_STANDARD = gnu11;
				GCC_DYNAMIC_NO_PIC = NO;
				GCC_NO_COMMON_BLOCKS = YES;
				GCC_OPTIMIZATION_LEVEL = 0;
				GCC_PREPROCESSOR_DEFINITIONS = (
					"DEBUG=1",
					"$(inherited)",
				);
				GCC_WARN_64_TO_32_BIT_CONVERSION = YES;
				GCC_WARN_ABOUT_RETURN_TYPE = YES_ERROR;
				GCC_WARN_UNDECLARED_SELECTOR = YES;
				GCC_WARN_UNINITIALIZED_AUTOS = YES_AGGRESSIVE;
				GCC_WARN_UNUSED_FUNCTION = YES;
				GCC_WARN_UNUSED_VARIABLE = YES;
				IPHONEOS_DEPLOYMENT_TARGET = 12.1;
				MTL_ENABLE_DEBUG_INFO = INCLUDE_SOURCE;
				MTL_FAST_MATH = YES;
				ONLY_ACTIVE_ARCH = YES;
				SDKROOT = iphoneos;
				SWIFT_ACTIVE_COMPILATION_CONDITIONS = DEBUG;
				SWIFT_OPTIMIZATION_LEVEL = "-Onone";
				VERSIONING_SYSTEM = "apple-generic";
				VERSION_INFO_PREFIX = "";
			};
			name = Debug;
		};
		261494A721BF8ED300E3D599 /* Release */ = {
			isa = XCBuildConfiguration;
			buildSettings = {
				ALWAYS_SEARCH_USER_PATHS = NO;
				CLANG_ANALYZER_NONNULL = YES;
				CLANG_ANALYZER_NUMBER_OBJECT_CONVERSION = YES_AGGRESSIVE;
				CLANG_CXX_LANGUAGE_STANDARD = "gnu++14";
				CLANG_CXX_LIBRARY = "libc++";
				CLANG_ENABLE_MODULES = YES;
				CLANG_ENABLE_OBJC_ARC = YES;
				CLANG_ENABLE_OBJC_WEAK = YES;
				CLANG_WARN_BLOCK_CAPTURE_AUTORELEASING = YES;
				CLANG_WARN_BOOL_CONVERSION = YES;
				CLANG_WARN_COMMA = YES;
				CLANG_WARN_CONSTANT_CONVERSION = YES;
				CLANG_WARN_DEPRECATED_OBJC_IMPLEMENTATIONS = YES;
				CLANG_WARN_DIRECT_OBJC_ISA_USAGE = YES_ERROR;
				CLANG_WARN_DOCUMENTATION_COMMENTS = YES;
				CLANG_WARN_EMPTY_BODY = YES;
				CLANG_WARN_ENUM_CONVERSION = YES;
				CLANG_WARN_INFINITE_RECURSION = YES;
				CLANG_WARN_INT_CONVERSION = YES;
				CLANG_WARN_NON_LITERAL_NULL_CONVERSION = YES;
				CLANG_WARN_OBJC_IMPLICIT_RETAIN_SELF = YES;
				CLANG_WARN_OBJC_LITERAL_CONVERSION = YES;
				CLANG_WARN_OBJC_ROOT_CLASS = YES_ERROR;
				CLANG_WARN_RANGE_LOOP_ANALYSIS = YES;
				CLANG_WARN_STRICT_PROTOTYPES = YES;
				CLANG_WARN_SUSPICIOUS_MOVE = YES;
				CLANG_WARN_UNGUARDED_AVAILABILITY = YES_AGGRESSIVE;
				CLANG_WARN_UNREACHABLE_CODE = YES;
				CLANG_WARN__DUPLICATE_METHOD_MATCH = YES;
				CODE_SIGN_IDENTITY = "iPhone Developer";
				COPY_PHASE_STRIP = NO;
				CURRENT_PROJECT_VERSION = 1;
				DEBUG_INFORMATION_FORMAT = "dwarf-with-dsym";
				ENABLE_NS_ASSERTIONS = NO;
				ENABLE_STRICT_OBJC_MSGSEND = YES;
				GCC_C_LANGUAGE_STANDARD = gnu11;
				GCC_NO_COMMON_BLOCKS = YES;
				GCC_WARN_64_TO_32_BIT_CONVERSION = YES;
				GCC_WARN_ABOUT_RETURN_TYPE = YES_ERROR;
				GCC_WARN_UNDECLARED_SELECTOR = YES;
				GCC_WARN_UNINITIALIZED_AUTOS = YES_AGGRESSIVE;
				GCC_WARN_UNUSED_FUNCTION = YES;
				GCC_WARN_UNUSED_VARIABLE = YES;
				IPHONEOS_DEPLOYMENT_TARGET = 12.1;
				MTL_ENABLE_DEBUG_INFO = NO;
				MTL_FAST_MATH = YES;
				SDKROOT = iphoneos;
				SWIFT_COMPILATION_MODE = wholemodule;
				SWIFT_OPTIMIZATION_LEVEL = "-O";
				VALIDATE_PRODUCT = YES;
				VERSIONING_SYSTEM = "apple-generic";
				VERSION_INFO_PREFIX = "";
			};
			name = Release;
		};
		261494A921BF8ED300E3D599 /* Debug */ = {
			isa = XCBuildConfiguration;
			buildSettings = {
				CLANG_ENABLE_MODULES = YES;
				CODE_SIGN_IDENTITY = "";
				CODE_SIGN_STYLE = Automatic;
				DEFINES_MODULE = YES;
				DYLIB_COMPATIBILITY_VERSION = 1;
				DYLIB_CURRENT_VERSION = 1;
				DYLIB_INSTALL_NAME_BASE = "@rpath";
				INFOPLIST_FILE = oriframework/Info.plist;
				INSTALL_PATH = "$(LOCAL_LIBRARY_DIR)/Frameworks";
				LD_RUNPATH_SEARCH_PATHS = (
					"$(inherited)",
					"@executable_path/Frameworks",
					"@loader_path/Frameworks",
				);
				PRODUCT_BUNDLE_IDENTIFIER = com.oriserve.oriframework;
				PRODUCT_NAME = "$(TARGET_NAME:c99extidentifier)";
				SKIP_INSTALL = YES;
				SWIFT_OPTIMIZATION_LEVEL = "-Onone";
				SWIFT_VERSION = 4.2;
				TARGETED_DEVICE_FAMILY = "1,2";
			};
			name = Debug;
		};
		261494AA21BF8ED300E3D599 /* Release */ = {
			isa = XCBuildConfiguration;
			buildSettings = {
				CLANG_ENABLE_MODULES = YES;
				CODE_SIGN_IDENTITY = "";
				CODE_SIGN_STYLE = Automatic;
				DEFINES_MODULE = YES;
				DYLIB_COMPATIBILITY_VERSION = 1;
				DYLIB_CURRENT_VERSION = 1;
				DYLIB_INSTALL_NAME_BASE = "@rpath";
				INFOPLIST_FILE = oriframework/Info.plist;
				INSTALL_PATH = "$(LOCAL_LIBRARY_DIR)/Frameworks";
				LD_RUNPATH_SEARCH_PATHS = (
					"$(inherited)",
					"@executable_path/Frameworks",
					"@loader_path/Frameworks",
				);
				PRODUCT_BUNDLE_IDENTIFIER = com.oriserve.oriframework;
				PRODUCT_NAME = "$(TARGET_NAME:c99extidentifier)";
				SKIP_INSTALL = YES;
				SWIFT_VERSION = 4.2;
				TARGETED_DEVICE_FAMILY = "1,2";
			};
			name = Release;
		};
		261494AC21BF8ED300E3D599 /* Debug */ = {
			isa = XCBuildConfiguration;
			buildSettings = {
				ALWAYS_EMBED_SWIFT_STANDARD_LIBRARIES = YES;
				CODE_SIGN_STYLE = Automatic;
				INFOPLIST_FILE = oriframeworkTests/Info.plist;
				LD_RUNPATH_SEARCH_PATHS = (
					"$(inherited)",
					"@executable_path/Frameworks",
					"@loader_path/Frameworks",
				);
				PRODUCT_BUNDLE_IDENTIFIER = com.oriserve.oriframeworkTests;
				PRODUCT_NAME = "$(TARGET_NAME)";
				SWIFT_VERSION = 4.2;
				TARGETED_DEVICE_FAMILY = "1,2";
			};
			name = Debug;
		};
		261494AD21BF8ED300E3D599 /* Release */ = {
			isa = XCBuildConfiguration;
			buildSettings = {
				ALWAYS_EMBED_SWIFT_STANDARD_LIBRARIES = YES;
				CODE_SIGN_STYLE = Automatic;
				INFOPLIST_FILE = oriframeworkTests/Info.plist;
				LD_RUNPATH_SEARCH_PATHS = (
					"$(inherited)",
					"@executable_path/Frameworks",
					"@loader_path/Frameworks",
				);
				PRODUCT_BUNDLE_IDENTIFIER = com.oriserve.oriframeworkTests;
				PRODUCT_NAME = "$(TARGET_NAME)";
				SWIFT_VERSION = 4.2;
				TARGETED_DEVICE_FAMILY = "1,2";
			};
			name = Release;
		};
/* End XCBuildConfiguration section */

/* Begin XCConfigurationList section */
		2614948E21BF8ED200E3D599 /* Build configuration list for PBXProject "oriframework" */ = {
			isa = XCConfigurationList;
			buildConfigurations = (
				261494A621BF8ED300E3D599 /* Debug */,
				261494A721BF8ED300E3D599 /* Release */,
			);
			defaultConfigurationIsVisible = 0;
			defaultConfigurationName = Release;
		};
		261494A821BF8ED300E3D599 /* Build configuration list for PBXNativeTarget "oriframework" */ = {
			isa = XCConfigurationList;
			buildConfigurations = (
				261494A921BF8ED300E3D599 /* Debug */,
				261494AA21BF8ED300E3D599 /* Release */,
			);
			defaultConfigurationIsVisible = 0;
			defaultConfigurationName = Release;
		};
		261494AB21BF8ED300E3D599 /* Build configuration list for PBXNativeTarget "oriframeworkTests" */ = {
			isa = XCConfigurationList;
			buildConfigurations = (
				261494AC21BF8ED300E3D599 /* Debug */,
				261494AD21BF8ED300E3D599 /* Release */,
			);
			defaultConfigurationIsVisible = 0;
			defaultConfigurationName = Release;
		};
/* End XCConfigurationList section */
	};
	rootObject = 2614948B21BF8ED200E3D599 /* Project object */;
}
